<?xml version="1.0" encoding="utf-8"?>
<Project ToolsVersion="Current" xmlns="http://schemas.microsoft.com/developer/msbuild/2003">
  <ItemGroup>
    <ClInclude Include="src\header\backtest_core.h" />
    <ClInclude Include="src\header\black_scholes.h" />
    <ClInclude Include="src\header\data_handler.h" />
    <ClInclude Include="src\header\db_connection.h" />
    <ClInclude Include="src\header\market_data.h" />
    <ClInclude Include="src\header\perform_calculations.h" />
    <ClInclude Include="src\header\portfolio.h" />
    <ClInclude Include="src\header\strategy.h" />
  </ItemGroup>
  <ItemGroup>
    <ClCompile Include="src\backtest_core.cpp" />
    <ClCompile Include="src\black_scholes_formula.cpp" />
    <ClCompile Include="src\csv_data_loader.cpp" />
    <ClCompile Include="src\database_connection.cpp" />
    <ClCompile Include="src\main.cpp" />
    <ClCompile Include="src\perform_calculations.cpp" />
    <ClCompile Include="src\portfolio.cpp" />
    <ClCompile Include="src\strategy.cpp" />
    <ClCompile Include="src\database_data_loader.cpp" />
  </ItemGroup>
  <ItemGroup>
    <None Include="docs\time_doc.md" />
  </ItemGroup>
</Project>