<?xml version="1.0" encoding="utf-8"?>
<Project ToolsVersion="Current" xmlns="http://schemas.microsoft.com/developer/msbuild/2003">
  <ItemGroup>
    <ClInclude Include="src\core\backtest_core.h" />
    <ClInclude Include="src\pricing\black_scholes.h" />
    <ClInclude Include="src\data\data_handler.h" />
    <ClInclude Include="src\data\db_connection.h" />
    <ClInclude Include="src\utils\market_data.h" />
    <ClInclude Include="src\pricing\perform_calculations.h" />
    <ClInclude Include="src\execution\portfolio.h" />
    <ClInclude Include="src\strategy\strategy.h" />
    <ClInclude Include="src\orderbook\orderbook.h" />
    <ClInclude Include="src\core\event.h" />
  </ItemGroup>
  <ItemGroup>
    <ClCompile Include="src\core\backtest_core.cpp" />
    <ClCompile Include="src\pricing\black_scholes_formula.cpp" />
    <ClCompile Include="src\data\csv_data_loader.cpp" />
    <ClCompile Include="src\data\database_connection.cpp" />
    <ClCompile Include="src\main.cpp" />
    <ClCompile Include="src\pricing\perform_calculations.cpp" />
    <ClCompile Include="src\execution\portfolio.cpp" />
    <ClCompile Include="src\strategy\strategy.cpp" />
    <ClCompile Include="src\data\data_loader.cpp" />
    <ClCompile Include="src\orderbook\orderbook.cpp" />
    <ClCompile Include="src\utils\log\log.cpp" />
  </ItemGroup>
  <ItemGroup>
    <None Include="docs\time_doc.md" />
    <None Include="docs\to_do.md" />
  </ItemGroup>
</Project>