<?xml version="1.0" encoding="utf-8"?>
<Project ToolsVersion="Current" xmlns="http://schemas.microsoft.com/developer/msbuild/2003">
  <ItemGroup>
    <ClCompile Include="black_scholes_formula.cpp">
      <Filter>SourceFiles</Filter>
    </ClCompile>
    <ClCompile Include="main.cpp">
      <Filter>SourceFiles</Filter>
    </ClCompile>
    <ClCompile Include="perform_calculations.cpp">
      <Filter>SourceFiles</Filter>
    </ClCompile>
    <ClCompile Include="portfolio.cpp">
      <Filter>SourceFiles</Filter>
    </ClCompile>
    <ClCompile Include="strategy.cpp">
      <Filter>SourceFiles</Filter>
    </ClCompile>
  </ItemGroup>
  <ItemGroup>
    <ClInclude Include="black_scholes.h">
      <Filter>HeaderFiles</Filter>
    </ClInclude>
    <ClInclude Include="portfolio.h">
      <Filter>HeaderFiles</Filter>
    </ClInclude>
    <ClInclude Include="strategy.h">
      <Filter>HeaderFiles</Filter>
    </ClInclude>
    <ClInclude Include="perform_calculations.h">
      <Filter>HeaderFiles</Filter>
    </ClInclude>
    <ClInclude Include="data_handler.h">
      <Filter>HeaderFiles</Filter>
    </ClInclude>
  </ItemGroup>
  <ItemGroup>
    <Filter Include="HeaderFiles">
      <UniqueIdentifier>{3a0e915f-1db8-43a9-ac74-0462c5f594c5}</UniqueIdentifier>
    </Filter>
    <Filter Include="SourceFiles">
      <UniqueIdentifier>{5bdf3a48-a65a-4def-a0d8-f4308de9c2f0}</UniqueIdentifier>
    </Filter>
  </ItemGroup>
</Project>